
Microsoft Visual Studio Solution File, Format Version 12.00
# Visual Studio 2013
VisualStudioVersion = 12.0.40629.0
MinimumVisualStudioVersion = 10.0.40219.1
Project("{8BC9CEB8-8B4A-11D0-8D11-00A0C91BC942}") = "ZeroTolerance", "ZeroTolerance\ZeroTolerance.vcxproj", "{E34DD27B-CC37-4E31-BC09-71B32B560C3B}"
EndProject
Project("{8BC9CEB8-8B4A-11D0-8D11-00A0C91BC942}") = "Game Test", "Game Test\Game Test.vcxproj", "{627E3672-E438-4E84-91C0-3327DABE2AFB}"
EndProject
Global
	GlobalSection(SolutionConfigurationPlatforms) = preSolution
		Debug|Win32 = Debug|Win32
		Release|Win32 = Release|Win32
	EndGlobalSection
	GlobalSection(ProjectConfigurationPlatforms) = postSolution
		{E34DD27B-CC37-4E31-BC09-71B32B560C3B}.Debug|Win32.ActiveCfg = Debug|Win32
		{E34DD27B-CC37-4E31-BC09-71B32B560C3B}.Debug|Win32.Build.0 = Debug|Win32
		{E34DD27B-CC37-4E31-BC09-71B32B560C3B}.Release|Win32.ActiveCfg = Release|Win32
		{E34DD27B-CC37-4E31-BC09-71B32B560C3B}.Release|Win32.Build.0 = Release|Win32
		{627E3672-E438-4E84-91C0-3327DABE2AFB}.Debug|Win32.ActiveCfg = Debug|Win32
		{627E3672-E438-4E84-91C0-3327DABE2AFB}.Debug|Win32.Build.0 = Debug|Win32
		{627E3672-E438-4E84-91C0-3327DABE2AFB}.Release|Win32.ActiveCfg = Release|Win32
		{627E3672-E438-4E84-91C0-3327DABE2AFB}.Release|Win32.Build.0 = Release|Win32
	EndGlobalSection
	GlobalSection(SolutionProperties) = preSolution
		HideSolutionNode = FALSE
	EndGlobalSection
EndGlobal
